
Microsoft Visual Studio Solution File, Format Version 12.00
# Visual Studio Version 17
VisualStudioVersion = 17.8.34330.188
MinimumVisualStudioVersion = 10.0.40219.1
Project("{FAE04EC0-301F-11D3-BF4B-00C04F79EFBC}") = "aylar", "aylar\aylar.csproj", "{7748FC8B-B15F-4431-8046-C408F096314E}"
EndProject
Global
	GlobalSection(SolutionConfigurationPlatforms) = preSolution
		Debug|Any CPU = Debug|Any CPU
		Release|Any CPU = Release|Any CPU
	EndGlobalSection
	GlobalSection(ProjectConfigurationPlatforms) = postSolution
		{7748FC8B-B15F-4431-8046-C408F096314E}.Debug|Any CPU.ActiveCfg = Debug|Any CPU
		{7748FC8B-B15F-4431-8046-C408F096314E}.Debug|Any CPU.Build.0 = Debug|Any CPU
		{7748FC8B-B15F-4431-8046-C408F096314E}.Release|Any CPU.ActiveCfg = Release|Any CPU
		{7748FC8B-B15F-4431-8046-C408F096314E}.Release|Any CPU.Build.0 = Release|Any CPU
	EndGlobalSection
	GlobalSection(SolutionProperties) = preSolution
		HideSolutionNode = FALSE
	EndGlobalSection
	GlobalSection(ExtensibilityGlobals) = postSolution
		SolutionGuid = {0D99D795-8C4B-4263-9146-6143E89442DF}
	EndGlobalSection
EndGlobal
